
Microsoft Visual Studio Solution File, Format Version 11.00
# Visual Studio 2010
Project("{FAE04EC0-301F-11D3-BF4B-00C04F79EFBC}") = "Assembly-CSharp", "Assembly-CSharp.csproj", "{4a5932c1-8c92-df86-54bb-28617e4db357}"
EndProject
Project("{FAE04EC0-301F-11D3-BF4B-00C04F79EFBC}") = "Assembly-CSharp-Editor", "Assembly-CSharp-Editor.csproj", "{f4b58588-b438-d12f-4555-222eb8d19738}"
EndProject
Project("{FAE04EC0-301F-11D3-BF4B-00C04F79EFBC}") = "UnitySpriteShadersEditor", "UnitySpriteShadersEditor.csproj", "{67085c70-dfeb-9c30-a30c-09d69e7d84cc}"
EndProject
Global
	GlobalSection(SolutionConfigurationPlatforms) = preSolution
		Debug|Any CPU = Debug|Any CPU
	EndGlobalSection
	GlobalSection(ProjectConfigurationPlatforms) = postSolution
		{4a5932c1-8c92-df86-54bb-28617e4db357}.Debug|Any CPU.ActiveCfg = Debug|Any CPU
		{4a5932c1-8c92-df86-54bb-28617e4db357}.Debug|Any CPU.Build.0 = Debug|Any CPU
		{f4b58588-b438-d12f-4555-222eb8d19738}.Debug|Any CPU.ActiveCfg = Debug|Any CPU
		{f4b58588-b438-d12f-4555-222eb8d19738}.Debug|Any CPU.Build.0 = Debug|Any CPU
		{67085c70-dfeb-9c30-a30c-09d69e7d84cc}.Debug|Any CPU.ActiveCfg = Debug|Any CPU
		{67085c70-dfeb-9c30-a30c-09d69e7d84cc}.Debug|Any CPU.Build.0 = Debug|Any CPU
	EndGlobalSection
	GlobalSection(SolutionProperties) = preSolution
		HideSolutionNode = FALSE
	EndGlobalSection
EndGlobal
